// !$*UTF8*$!
{
	archiveVersion = 1;
	classes = {
	};
	objectVersion = 56;
	objects = {

/* Begin PBXBuildFile section */
		7A55A31A2A991D830093AA42 /* xcode_testApp.swift in Sources */ = {isa = PBXBuildFile; fileRef = 7A55A3192A991D830093AA42 /* xcode_testApp.swift */; };
		7A55A31C2A991D830093AA42 /* ContentView.swift in Sources */ = {isa = PBXBuildFile; fileRef = 7A55A31B2A991D830093AA42 /* ContentView.swift */; };
		7A55A31E2A991D840093AA42 /* Assets.xcassets in Resources */ = {isa = PBXBuildFile; fileRef = 7A55A31D2A991D840093AA42 /* Assets.xcassets */; };
		7A55A3222A991D840093AA42 /* Preview Assets.xcassets in Resources */ = {isa = PBXBuildFile; fileRef = 7A55A3212A991D840093AA42 /* Preview Assets.xcassets */; };
		7A55A32C2A991D850093AA42 /* xcode_testTests.swift in Sources */ = {isa = PBXBuildFile; fileRef = 7A55A32B2A991D850093AA42 /* xcode_testTests.swift */; };
		7A55A3362A991D850093AA42 /* xcode_testUITests.swift in Sources */ = {isa = PBXBuildFile; fileRef = 7A55A3352A991D850093AA42 /* xcode_testUITests.swift */; };
		7A55A3382A991D850093AA42 /* xcode_testUITestsLaunchTests.swift in Sources */ = {isa = PBXBuildFile; fileRef = 7A55A3372A991D850093AA42 /* xcode_testUITestsLaunchTests.swift */; };
/* End PBXBuildFile section */

/* Begin PBXContainerItemProxy section */
		7A55A3282A991D850093AA42 /* PBXContainerItemProxy */ = {
			isa = PBXContainerItemProxy;
			containerPortal = 7A55A30E2A991D830093AA42 /* Project object */;
			proxyType = 1;
			remoteGlobalIDString = 7A55A3152A991D830093AA42;
			remoteInfo = "xcode-test";
		};
		7A55A3322A991D850093AA42 /* PBXContainerItemProxy */ = {
			isa = PBXContainerItemProxy;
			containerPortal = 7A55A30E2A991D830093AA42 /* Project object */;
			proxyType = 1;
			remoteGlobalIDString = 7A55A3152A991D830093AA42;
			remoteInfo = "xcode-test";
		};
/* End PBXContainerItemProxy section */

/* Begin PBXFileReference section */
		7A55A3162A991D830093AA42 /* xcode-test.app */ = {isa = PBXFileReference; explicitFileType = wrapper.application; includeInIndex = 0; path = "xcode-test.app"; sourceTree = BUILT_PRODUCTS_DIR; };
		7A55A3192A991D830093AA42 /* xcode_testApp.swift */ = {isa = PBXFileReference; lastKnownFileType = sourcecode.swift; path = xcode_testApp.swift; sourceTree = "<group>"; };
		7A55A31B2A991D830093AA42 /* ContentView.swift */ = {isa = PBXFileReference; lastKnownFileType = sourcecode.swift; path = ContentView.swift; sourceTree = "<group>"; };
		7A55A31D2A991D840093AA42 /* Assets.xcassets */ = {isa = PBXFileReference; lastKnownFileType = folder.assetcatalog; path = Assets.xcassets; sourceTree = "<group>"; };
		7A55A31F2A991D840093AA42 /* xcode_test.entitlements */ = {isa = PBXFileReference; lastKnownFileType = text.plist.entitlements; path = xcode_test.entitlements; sourceTree = "<group>"; };
		7A55A3212A991D840093AA42 /* Preview Assets.xcassets */ = {isa = PBXFileReference; lastKnownFileType = folder.assetcatalog; path = "Preview Assets.xcassets"; sourceTree = "<group>"; };
		7A55A3272A991D850093AA42 /* xcode-testTests.xctest */ = {isa = PBXFileReference; explicitFileType = wrapper.cfbundle; includeInIndex = 0; path = "xcode-testTests.xctest"; sourceTree = BUILT_PRODUCTS_DIR; };
		7A55A32B2A991D850093AA42 /* xcode_testTests.swift */ = {isa = PBXFileReference; lastKnownFileType = sourcecode.swift; path = xcode_testTests.swift; sourceTree = "<group>"; };
		7A55A3312A991D850093AA42 /* xcode-testUITests.xctest */ = {isa = PBXFileReference; explicitFileType = wrapper.cfbundle; includeInIndex = 0; path = "xcode-testUITests.xctest"; sourceTree = BUILT_PRODUCTS_DIR; };
		7A55A3352A991D850093AA42 /* xcode_testUITests.swift */ = {isa = PBXFileReference; lastKnownFileType = sourcecode.swift; path = xcode_testUITests.swift; sourceTree = "<group>"; };
		7A55A3372A991D850093AA42 /* xcode_testUITestsLaunchTests.swift */ = {isa = PBXFileReference; lastKnownFileType = sourcecode.swift; path = xcode_testUITestsLaunchTests.swift; sourceTree = "<group>"; };
/* End PBXFileReference section */

/* Begin PBXFrameworksBuildPhase section */
		7A55A3132A991D830093AA42 /* Frameworks */ = {
			isa = PBXFrameworksBuildPhase;
			buildActionMask = 2147483647;
			files = (
			);
			runOnlyForDeploymentPostprocessing = 0;
		};
		7A55A3242A991D850093AA42 /* Frameworks */ = {
			isa = PBXFrameworksBuildPhase;
			buildActionMask = 2147483647;
			files = (
			);
			runOnlyForDeploymentPostprocessing = 0;
		};
		7A55A32E2A991D850093AA42 /* Frameworks */ = {
			isa = PBXFrameworksBuildPhase;
			buildActionMask = 2147483647;
			files = (
			);
			runOnlyForDeploymentPostprocessing = 0;
		};
/* End PBXFrameworksBuildPhase section */

/* Begin PBXGroup section */
		7A55A30D2A991D830093AA42 = {
			isa = PBXGroup;
			children = (
				7A55A3182A991D830093AA42 /* xcode-test */,
				7A55A32A2A991D850093AA42 /* xcode-testTests */,
				7A55A3342A991D850093AA42 /* xcode-testUITests */,
				7A55A3172A991D830093AA42 /* Products */,
			);
			sourceTree = "<group>";
		};
		7A55A3172A991D830093AA42 /* Products */ = {
			isa = PBXGroup;
			children = (
				7A55A3162A991D830093AA42 /* xcode-test.app */,
				7A55A3272A991D850093AA42 /* xcode-testTests.xctest */,
				7A55A3312A991D850093AA42 /* xcode-testUITests.xctest */,
			);
			name = Products;
			sourceTree = "<group>";
		};
		7A55A3182A991D830093AA42 /* xcode-test */ = {
			isa = PBXGroup;
			children = (
				7A55A3192A991D830093AA42 /* xcode_testApp.swift */,
				7A55A31B2A991D830093AA42 /* ContentView.swift */,
				7A55A31D2A991D840093AA42 /* Assets.xcassets */,
				7A55A31F2A991D840093AA42 /* xcode_test.entitlements */,
				7A55A3202A991D840093AA42 /* Preview Content */,
			);
			path = "xcode-test";
			sourceTree = "<group>";
		};
		7A55A3202A991D840093AA42 /* Preview Content */ = {
			isa = PBXGroup;
			children = (
				7A55A3212A991D840093AA42 /* Preview Assets.xcassets */,
			);
			path = "Preview Content";
			sourceTree = "<group>";
		};
		7A55A32A2A991D850093AA42 /* xcode-testTests */ = {
			isa = PBXGroup;
			children = (
				7A55A32B2A991D850093AA42 /* xcode_testTests.swift */,
			);
			path = "xcode-testTests";
			sourceTree = "<group>";
		};
		7A55A3342A991D850093AA42 /* xcode-testUITests */ = {
			isa = PBXGroup;
			children = (
				7A55A3352A991D850093AA42 /* xcode_testUITests.swift */,
				7A55A3372A991D850093AA42 /* xcode_testUITestsLaunchTests.swift */,
			);
			path = "xcode-testUITests";
			sourceTree = "<group>";
		};
/* End PBXGroup section */

/* Begin PBXNativeTarget section */
		7A55A3152A991D830093AA42 /* xcode-test */ = {
			isa = PBXNativeTarget;
			buildConfigurationList = 7A55A33B2A991D850093AA42 /* Build configuration list for PBXNativeTarget "xcode-test" */;
			buildPhases = (
				7A55A3122A991D830093AA42 /* Sources */,
				7A55A3132A991D830093AA42 /* Frameworks */,
				7A55A3142A991D830093AA42 /* Resources */,
			);
			buildRules = (
			);
			dependencies = (
			);
			name = "xcode-test";
			productName = "xcode-test";
			productReference = 7A55A3162A991D830093AA42 /* xcode-test.app */;
			productType = "com.apple.product-type.application";
		};
		7A55A3262A991D850093AA42 /* xcode-testTests */ = {
			isa = PBXNativeTarget;
			buildConfigurationList = 7A55A33E2A991D850093AA42 /* Build configuration list for PBXNativeTarget "xcode-testTests" */;
			buildPhases = (
				7A55A3232A991D850093AA42 /* Sources */,
				7A55A3242A991D850093AA42 /* Frameworks */,
				7A55A3252A991D850093AA42 /* Resources */,
			);
			buildRules = (
			);
			dependencies = (
				7A55A3292A991D850093AA42 /* PBXTargetDependency */,
			);
			name = "xcode-testTests";
			productName = "xcode-testTests";
			productReference = 7A55A3272A991D850093AA42 /* xcode-testTests.xctest */;
			productType = "com.apple.product-type.bundle.unit-test";
		};
		7A55A3302A991D850093AA42 /* xcode-testUITests */ = {
			isa = PBXNativeTarget;
			buildConfigurationList = 7A55A3412A991D850093AA42 /* Build configuration list for PBXNativeTarget "xcode-testUITests" */;
			buildPhases = (
				7A55A32D2A991D850093AA42 /* Sources */,
				7A55A32E2A991D850093AA42 /* Frameworks */,
				7A55A32F2A991D850093AA42 /* Resources */,
			);
			buildRules = (
			);
			dependencies = (
				7A55A3332A991D850093AA42 /* PBXTargetDependency */,
			);
			name = "xcode-testUITests";
			productName = "xcode-testUITests";
			productReference = 7A55A3312A991D850093AA42 /* xcode-testUITests.xctest */;
			productType = "com.apple.product-type.bundle.ui-testing";
		};
/* End PBXNativeTarget section */

/* Begin PBXProject section */
		7A55A30E2A991D830093AA42 /* Project object */ = {
			isa = PBXProject;
			attributes = {
				BuildIndependentTargetsInParallel = 1;
				LastSwiftUpdateCheck = 1430;
				LastUpgradeCheck = 1430;
				TargetAttributes = {
					7A55A3152A991D830093AA42 = {
						CreatedOnToolsVersion = 14.3.1;
					};
					7A55A3262A991D850093AA42 = {
						CreatedOnToolsVersion = 14.3.1;
						TestTargetID = 7A55A3152A991D830093AA42;
					};
					7A55A3302A991D850093AA42 = {
						CreatedOnToolsVersion = 14.3.1;
						TestTargetID = 7A55A3152A991D830093AA42;
					};
				};
			};
			buildConfigurationList = 7A55A3112A991D830093AA42 /* Build configuration list for PBXProject "xcode-test" */;
			compatibilityVersion = "Xcode 14.0";
			developmentRegion = en;
			hasScannedForEncodings = 0;
			knownRegions = (
				en,
				Base,
			);
			mainGroup = 7A55A30D2A991D830093AA42;
			productRefGroup = 7A55A3172A991D830093AA42 /* Products */;
			projectDirPath = "";
			projectRoot = "";
			targets = (
				7A55A3152A991D830093AA42 /* xcode-test */,
				7A55A3262A991D850093AA42 /* xcode-testTests */,
				7A55A3302A991D850093AA42 /* xcode-testUITests */,
			);
		};
/* End PBXProject section */

/* Begin PBXResourcesBuildPhase section */
		7A55A3142A991D830093AA42 /* Resources */ = {
			isa = PBXResourcesBuildPhase;
			buildActionMask = 2147483647;
			files = (
				7A55A3222A991D840093AA42 /* Preview Assets.xcassets in Resources */,
				7A55A31E2A991D840093AA42 /* Assets.xcassets in Resources */,
			);
			runOnlyForDeploymentPostprocessing = 0;
		};
		7A55A3252A991D850093AA42 /* Resources */ = {
			isa = PBXResourcesBuildPhase;
			buildActionMask = 2147483647;
			files = (
			);
			runOnlyForDeploymentPostprocessing = 0;
		};
		7A55A32F2A991D850093AA42 /* Resources */ = {
			isa = PBXResourcesBuildPhase;
			buildActionMask = 2147483647;
			files = (
			);
			runOnlyForDeploymentPostprocessing = 0;
		};
/* End PBXResourcesBuildPhase section */

/* Begin PBXSourcesBuildPhase section */
		7A55A3122A991D830093AA42 /* Sources */ = {
			isa = PBXSourcesBuildPhase;
			buildActionMask = 2147483647;
			files = (
				7A55A31C2A991D830093AA42 /* ContentView.swift in Sources */,
				7A55A31A2A991D830093AA42 /* xcode_testApp.swift in Sources */,
			);
			runOnlyForDeploymentPostprocessing = 0;
		};
		7A55A3232A991D850093AA42 /* Sources */ = {
			isa = PBXSourcesBuildPhase;
			buildActionMask = 2147483647;
			files = (
				7A55A32C2A991D850093AA42 /* xcode_testTests.swift in Sources */,
			);
			runOnlyForDeploymentPostprocessing = 0;
		};
		7A55A32D2A991D850093AA42 /* Sources */ = {
			isa = PBXSourcesBuildPhase;
			buildActionMask = 2147483647;
			files = (
				7A55A3382A991D850093AA42 /* xcode_testUITestsLaunchTests.swift in Sources */,
				7A55A3362A991D850093AA42 /* xcode_testUITests.swift in Sources */,
			);
			runOnlyForDeploymentPostprocessing = 0;
		};
/* End PBXSourcesBuildPhase section */

/* Begin PBXTargetDependency section */
		7A55A3292A991D850093AA42 /* PBXTargetDependency */ = {
			isa = PBXTargetDependency;
			target = 7A55A3152A991D830093AA42 /* xcode-test */;
			targetProxy = 7A55A3282A991D850093AA42 /* PBXContainerItemProxy */;
		};
		7A55A3332A991D850093AA42 /* PBXTargetDependency */ = {
			isa = PBXTargetDependency;
			target = 7A55A3152A991D830093AA42 /* xcode-test */;
			targetProxy = 7A55A3322A991D850093AA42 /* PBXContainerItemProxy */;
		};
/* End PBXTargetDependency section */

/* Begin XCBuildConfiguration section */
		7A55A3392A991D850093AA42 /* Debug */ = {
			isa = XCBuildConfiguration;
			buildSettings = {
				ALWAYS_SEARCH_USER_PATHS = NO;
				CLANG_ANALYZER_NONNULL = YES;
				CLANG_ANALYZER_NUMBER_OBJECT_CONVERSION = YES_AGGRESSIVE;
				CLANG_CXX_LANGUAGE_STANDARD = "gnu++20";
				CLANG_ENABLE_MODULES = YES;
				CLANG_ENABLE_OBJC_ARC = YES;
				CLANG_ENABLE_OBJC_WEAK = YES;
				CLANG_WARN_BLOCK_CAPTURE_AUTORELEASING = YES;
				CLANG_WARN_BOOL_CONVERSION = YES;
				CLANG_WARN_COMMA = YES;
				CLANG_WARN_CONSTANT_CONVERSION = YES;
				CLANG_WARN_DEPRECATED_OBJC_IMPLEMENTATIONS = YES;
				CLANG_WARN_DIRECT_OBJC_ISA_USAGE = YES_ERROR;
				CLANG_WARN_DOCUMENTATION_COMMENTS = YES;
				CLANG_WARN_EMPTY_BODY = YES;
				CLANG_WARN_ENUM_CONVERSION = YES;
				CLANG_WARN_INFINITE_RECURSION = YES;
				CLANG_WARN_INT_CONVERSION = YES;
				CLANG_WARN_NON_LITERAL_NULL_CONVERSION = YES;
				CLANG_WARN_OBJC_IMPLICIT_RETAIN_SELF = YES;
				CLANG_WARN_OBJC_LITERAL_CONVERSION = YES;
				CLANG_WARN_OBJC_ROOT_CLASS = YES_ERROR;
				CLANG_WARN_QUOTED_INCLUDE_IN_FRAMEWORK_HEADER = YES;
				CLANG_WARN_RANGE_LOOP_ANALYSIS = YES;
				CLANG_WARN_STRICT_PROTOTYPES = YES;
				CLANG_WARN_SUSPICIOUS_MOVE = YES;
				CLANG_WARN_UNGUARDED_AVAILABILITY = YES_AGGRESSIVE;
				CLANG_WARN_UNREACHABLE_CODE = YES;
				CLANG_WARN__DUPLICATE_METHOD_MATCH = YES;
				COPY_PHASE_STRIP = NO;
				DEBUG_INFORMATION_FORMAT = dwarf;
				ENABLE_STRICT_OBJC_MSGSEND = YES;
				ENABLE_TESTABILITY = YES;
				GCC_C_LANGUAGE_STANDARD = gnu11;
				GCC_DYNAMIC_NO_PIC = NO;
				GCC_NO_COMMON_BLOCKS = YES;
				GCC_OPTIMIZATION_LEVEL = 0;
				GCC_PREPROCESSOR_DEFINITIONS = (
					"DEBUG=1",
					"$(inherited)",
				);
				GCC_WARN_64_TO_32_BIT_CONVERSION = YES;
				GCC_WARN_ABOUT_RETURN_TYPE = YES_ERROR;
				GCC_WARN_UNDECLARED_SELECTOR = YES;
				GCC_WARN_UNINITIALIZED_AUTOS = YES_AGGRESSIVE;
				GCC_WARN_UNUSED_FUNCTION = YES;
				GCC_WARN_UNUSED_VARIABLE = YES;
				MTL_ENABLE_DEBUG_INFO = INCLUDE_SOURCE;
				MTL_FAST_MATH = YES;
				ONLY_ACTIVE_ARCH = YES;
				SWIFT_ACTIVE_COMPILATION_CONDITIONS = DEBUG;
				SWIFT_OPTIMIZATION_LEVEL = "-Onone";
			};
			name = Debug;
		};
		7A55A33A2A991D850093AA42 /* Release */ = {
			isa = XCBuildConfiguration;
			buildSettings = {
				ALWAYS_SEARCH_USER_PATHS = NO;
				CLANG_ANALYZER_NONNULL = YES;
				CLANG_ANALYZER_NUMBER_OBJECT_CONVERSION = YES_AGGRESSIVE;
				CLANG_CXX_LANGUAGE_STANDARD = "gnu++20";
				CLANG_ENABLE_MODULES = YES;
				CLANG_ENABLE_OBJC_ARC = YES;
				CLANG_ENABLE_OBJC_WEAK = YES;
				CLANG_WARN_BLOCK_CAPTURE_AUTORELEASING = YES;
				CLANG_WARN_BOOL_CONVERSION = YES;
				CLANG_WARN_COMMA = YES;
				CLANG_WARN_CONSTANT_CONVERSION = YES;
				CLANG_WARN_DEPRECATED_OBJC_IMPLEMENTATIONS = YES;
				CLANG_WARN_DIRECT_OBJC_ISA_USAGE = YES_ERROR;
				CLANG_WARN_DOCUMENTATION_COMMENTS = YES;
				CLANG_WARN_EMPTY_BODY = YES;
				CLANG_WARN_ENUM_CONVERSION = YES;
				CLANG_WARN_INFINITE_RECURSION = YES;
				CLANG_WARN_INT_CONVERSION = YES;
				CLANG_WARN_NON_LITERAL_NULL_CONVERSION = YES;
				CLANG_WARN_OBJC_IMPLICIT_RETAIN_SELF = YES;
				CLANG_WARN_OBJC_LITERAL_CONVERSION = YES;
				CLANG_WARN_OBJC_ROOT_CLASS = YES_ERROR;
				CLANG_WARN_QUOTED_INCLUDE_IN_FRAMEWORK_HEADER = YES;
				CLANG_WARN_RANGE_LOOP_ANALYSIS = YES;
				CLANG_WARN_STRICT_PROTOTYPES = YES;
				CLANG_WARN_SUSPICIOUS_MOVE = YES;
				CLANG_WARN_UNGUARDED_AVAILABILITY = YES_AGGRESSIVE;
				CLANG_WARN_UNREACHABLE_CODE = YES;
				CLANG_WARN__DUPLICATE_METHOD_MATCH = YES;
				COPY_PHASE_STRIP = NO;
				DEBUG_INFORMATION_FORMAT = "dwarf-with-dsym";
				ENABLE_NS_ASSERTIONS = NO;
				ENABLE_STRICT_OBJC_MSGSEND = YES;
				GCC_C_LANGUAGE_STANDARD = gnu11;
				GCC_NO_COMMON_BLOCKS = YES;
				GCC_WARN_64_TO_32_BIT_CONVERSION = YES;
				GCC_WARN_ABOUT_RETURN_TYPE = YES_ERROR;
				GCC_WARN_UNDECLARED_SELECTOR = YES;
				GCC_WARN_UNINITIALIZED_AUTOS = YES_AGGRESSIVE;
				GCC_WARN_UNUSED_FUNCTION = YES;
				GCC_WARN_UNUSED_VARIABLE = YES;
				MTL_ENABLE_DEBUG_INFO = NO;
				MTL_FAST_MATH = YES;
				SWIFT_COMPILATION_MODE = wholemodule;
				SWIFT_OPTIMIZATION_LEVEL = "-O";
			};
			name = Release;
		};
		7A55A33C2A991D850093AA42 /* Debug */ = {
			isa = XCBuildConfiguration;
			buildSettings = {
				ASSETCATALOG_COMPILER_APPICON_NAME = AppIcon;
				ASSETCATALOG_COMPILER_GLOBAL_ACCENT_COLOR_NAME = AccentColor;
				CODE_SIGN_ENTITLEMENTS = "xcode-test/xcode_test.entitlements";
				CODE_SIGN_STYLE = Automatic;
				CURRENT_PROJECT_VERSION = 1;
				DEVELOPMENT_ASSET_PATHS = "\"xcode-test/Preview Content\"";
				ENABLE_PREVIEWS = YES;
				GENERATE_INFOPLIST_FILE = YES;
				"INFOPLIST_KEY_UIApplicationSceneManifest_Generation[sdk=iphoneos*]" = YES;
				"INFOPLIST_KEY_UIApplicationSceneManifest_Generation[sdk=iphonesimulator*]" = YES;
				"INFOPLIST_KEY_UIApplicationSupportsIndirectInputEvents[sdk=iphoneos*]" = YES;
				"INFOPLIST_KEY_UIApplicationSupportsIndirectInputEvents[sdk=iphonesimulator*]" = YES;
				"INFOPLIST_KEY_UILaunchScreen_Generation[sdk=iphoneos*]" = YES;
				"INFOPLIST_KEY_UILaunchScreen_Generation[sdk=iphonesimulator*]" = YES;
				"INFOPLIST_KEY_UIStatusBarStyle[sdk=iphoneos*]" = UIStatusBarStyleDefault;
				"INFOPLIST_KEY_UIStatusBarStyle[sdk=iphonesimulator*]" = UIStatusBarStyleDefault;
				INFOPLIST_KEY_UISupportedInterfaceOrientations_iPad = "UIInterfaceOrientationPortrait UIInterfaceOrientationPortraitUpsideDown UIInterfaceOrientationLandscapeLeft UIInterfaceOrientationLandscapeRight";
				INFOPLIST_KEY_UISupportedInterfaceOrientations_iPhone = "UIInterfaceOrientationPortrait UIInterfaceOrientationLandscapeLeft UIInterfaceOrientationLandscapeRight";
				IPHONEOS_DEPLOYMENT_TARGET = 16.4;
				LD_RUNPATH_SEARCH_PATHS = "@executable_path/Frameworks";
				"LD_RUNPATH_SEARCH_PATHS[sdk=macosx*]" = "@executable_path/../Frameworks";
				MACOSX_DEPLOYMENT_TARGET = 13.3;
				MARKETING_VERSION = 1.0;
				PRODUCT_BUNDLE_IDENTIFIER = "dev.omay.xcode-test";
				PRODUCT_NAME = "$(TARGET_NAME)";
				SDKROOT = auto;
				SUPPORTED_PLATFORMS = "iphoneos iphonesimulator macosx";
				SWIFT_EMIT_LOC_STRINGS = YES;
				SWIFT_VERSION = 5.0;
				TARGETED_DEVICE_FAMILY = "1,2";
			};
			name = Debug;
		};
		7A55A33D2A991D850093AA42 /* Release */ = {
			isa = XCBuildConfiguration;
			buildSettings = {
				ASSETCATALOG_COMPILER_APPICON_NAME = AppIcon;
				ASSETCATALOG_COMPILER_GLOBAL_ACCENT_COLOR_NAME = AccentColor;
				CODE_SIGN_ENTITLEMENTS = "xcode-test/xcode_test.entitlements";
				CODE_SIGN_STYLE = Automatic;
				CURRENT_PROJECT_VERSION = 1;
				DEVELOPMENT_ASSET_PATHS = "\"xcode-test/Preview Content\"";
				ENABLE_PREVIEWS = YES;
				GENERATE_INFOPLIST_FILE = YES;
				"INFOPLIST_KEY_UIApplicationSceneManifest_Generation[sdk=iphoneos*]" = YES;
				"INFOPLIST_KEY_UIApplicationSceneManifest_Generation[sdk=iphonesimulator*]" = YES;
				"INFOPLIST_KEY_UIApplicationSupportsIndirectInputEvents[sdk=iphoneos*]" = YES;
				"INFOPLIST_KEY_UIApplicationSupportsIndirectInputEvents[sdk=iphonesimulator*]" = YES;
				"INFOPLIST_KEY_UILaunchScreen_Generation[sdk=iphoneos*]" = YES;
				"INFOPLIST_KEY_UILaunchScreen_Generation[sdk=iphonesimulator*]" = YES;
				"INFOPLIST_KEY_UIStatusBarStyle[sdk=iphoneos*]" = UIStatusBarStyleDefault;
				"INFOPLIST_KEY_UIStatusBarStyle[sdk=iphonesimulator*]" = UIStatusBarStyleDefault;
				INFOPLIST_KEY_UISupportedInterfaceOrientations_iPad = "UIInterfaceOrientationPortrait UIInterfaceOrientationPortraitUpsideDown UIInterfaceOrientationLandscapeLeft UIInterfaceOrientationLandscapeRight";
				INFOPLIST_KEY_UISupportedInterfaceOrientations_iPhone = "UIInterfaceOrientationPortrait UIInterfaceOrientationLandscapeLeft UIInterfaceOrientationLandscapeRight";
				IPHONEOS_DEPLOYMENT_TARGET = 16.4;
				LD_RUNPATH_SEARCH_PATHS = "@executable_path/Frameworks";
				"LD_RUNPATH_SEARCH_PATHS[sdk=macosx*]" = "@executable_path/../Frameworks";
				MACOSX_DEPLOYMENT_TARGET = 13.3;
				MARKETING_VERSION = 1.0;
				PRODUCT_BUNDLE_IDENTIFIER = "dev.omay.xcode-test";
				PRODUCT_NAME = "$(TARGET_NAME)";
				SDKROOT = auto;
				SUPPORTED_PLATFORMS = "iphoneos iphonesimulator macosx";
				SWIFT_EMIT_LOC_STRINGS = YES;
				SWIFT_VERSION = 5.0;
				TARGETED_DEVICE_FAMILY = "1,2";
			};
			name = Release;
		};
		7A55A33F2A991D850093AA42 /* Debug */ = {
			isa = XCBuildConfiguration;
			buildSettings = {
				ALWAYS_EMBED_SWIFT_STANDARD_LIBRARIES = YES;
				BUNDLE_LOADER = "$(TEST_HOST)";
				CODE_SIGN_STYLE = Automatic;
				CURRENT_PROJECT_VERSION = 1;
				GENERATE_INFOPLIST_FILE = YES;
				IPHONEOS_DEPLOYMENT_TARGET = 16.4;
				MACOSX_DEPLOYMENT_TARGET = 13.3;
				MARKETING_VERSION = 1.0;
				PRODUCT_BUNDLE_IDENTIFIER = "dev.omay.xcode-testTests";
				PRODUCT_NAME = "$(TARGET_NAME)";
				SDKROOT = auto;
				SUPPORTED_PLATFORMS = "iphoneos iphonesimulator macosx";
				SWIFT_EMIT_LOC_STRINGS = NO;
				SWIFT_VERSION = 5.0;
				TARGETED_DEVICE_FAMILY = "1,2";
				TEST_HOST = "$(BUILT_PRODUCTS_DIR)/xcode-test.app/$(BUNDLE_EXECUTABLE_FOLDER_PATH)/xcode-test";
			};
			name = Debug;
		};
		7A55A3402A991D850093AA42 /* Release */ = {
			isa = XCBuildConfiguration;
			buildSettings = {
				ALWAYS_EMBED_SWIFT_STANDARD_LIBRARIES = YES;
				BUNDLE_LOADER = "$(TEST_HOST)";
				CODE_SIGN_STYLE = Automatic;
				CURRENT_PROJECT_VERSION = 1;
				GENERATE_INFOPLIST_FILE = YES;
				IPHONEOS_DEPLOYMENT_TARGET = 16.4;
				MACOSX_DEPLOYMENT_TARGET = 13.3;
				MARKETING_VERSION = 1.0;
				PRODUCT_BUNDLE_IDENTIFIER = "dev.omay.xcode-testTests";
				PRODUCT_NAME = "$(TARGET_NAME)";
				SDKROOT = auto;
				SUPPORTED_PLATFORMS = "iphoneos iphonesimulator macosx";
				SWIFT_EMIT_LOC_STRINGS = NO;
				SWIFT_VERSION = 5.0;
				TARGETED_DEVICE_FAMILY = "1,2";
				TEST_HOST = "$(BUILT_PRODUCTS_DIR)/xcode-test.app/$(BUNDLE_EXECUTABLE_FOLDER_PATH)/xcode-test";
			};
			name = Release;
		};
		7A55A3422A991D850093AA42 /* Debug */ = {
			isa = XCBuildConfiguration;
			buildSettings = {
				ALWAYS_EMBED_SWIFT_STANDARD_LIBRARIES = YES;
				CODE_SIGN_STYLE = Automatic;
				CURRENT_PROJECT_VERSION = 1;
				GENERATE_INFOPLIST_FILE = YES;
				IPHONEOS_DEPLOYMENT_TARGET = 16.4;
				MACOSX_DEPLOYMENT_TARGET = 13.3;
				MARKETING_VERSION = 1.0;
				PRODUCT_BUNDLE_IDENTIFIER = "dev.omay.xcode-testUITests";
				PRODUCT_NAME = "$(TARGET_NAME)";
				SDKROOT = auto;
				SUPPORTED_PLATFORMS = "iphoneos iphonesimulator macosx";
				SWIFT_EMIT_LOC_STRINGS = NO;
				SWIFT_VERSION = 5.0;
				TARGETED_DEVICE_FAMILY = "1,2";
				TEST_TARGET_NAME = "xcode-test";
			};
			name = Debug;
		};
		7A55A3432A991D850093AA42 /* Release */ = {
			isa = XCBuildConfiguration;
			buildSettings = {
				ALWAYS_EMBED_SWIFT_STANDARD_LIBRARIES = YES;
				CODE_SIGN_STYLE = Automatic;
				CURRENT_PROJECT_VERSION = 1;
				GENERATE_INFOPLIST_FILE = YES;
				IPHONEOS_DEPLOYMENT_TARGET = 16.4;
				MACOSX_DEPLOYMENT_TARGET = 13.3;
				MARKETING_VERSION = 1.0;
				PRODUCT_BUNDLE_IDENTIFIER = "dev.omay.xcode-testUITests";
				PRODUCT_NAME = "$(TARGET_NAME)";
				SDKROOT = auto;
				SUPPORTED_PLATFORMS = "iphoneos iphonesimulator macosx";
				SWIFT_EMIT_LOC_STRINGS = NO;
				SWIFT_VERSION = 5.0;
				TARGETED_DEVICE_FAMILY = "1,2";
				TEST_TARGET_NAME = "xcode-test";
			};
			name = Release;
		};
/* End XCBuildConfiguration section */

/* Begin XCConfigurationList section */
		7A55A3112A991D830093AA42 /* Build configuration list for PBXProject "xcode-test" */ = {
			isa = XCConfigurationList;
			buildConfigurations = (
				7A55A3392A991D850093AA42 /* Debug */,
				7A55A33A2A991D850093AA42 /* Release */,
			);
			defaultConfigurationIsVisible = 0;
			defaultConfigurationName = Release;
		};
		7A55A33B2A991D850093AA42 /* Build configuration list for PBXNativeTarget "xcode-test" */ = {
			isa = XCConfigurationList;
			buildConfigurations = (
				7A55A33C2A991D850093AA42 /* Debug */,
				7A55A33D2A991D850093AA42 /* Release */,
			);
			defaultConfigurationIsVisible = 0;
			defaultConfigurationName = Release;
		};
		7A55A33E2A991D850093AA42 /* Build configuration list for PBXNativeTarget "xcode-testTests" */ = {
			isa = XCConfigurationList;
			buildConfigurations = (
				7A55A33F2A991D850093AA42 /* Debug */,
				7A55A3402A991D850093AA42 /* Release */,
			);
			defaultConfigurationIsVisible = 0;
			defaultConfigurationName = Release;
		};
		7A55A3412A991D850093AA42 /* Build configuration list for PBXNativeTarget "xcode-testUITests" */ = {
			isa = XCConfigurationList;
			buildConfigurations = (
				7A55A3422A991D850093AA42 /* Debug */,
				7A55A3432A991D850093AA42 /* Release */,
			);
			defaultConfigurationIsVisible = 0;
			defaultConfigurationName = Release;
		};
/* End XCConfigurationList section */
	};
	rootObject = 7A55A30E2A991D830093AA42 /* Project object */;
}
